
Microsoft Visual Studio Solution File, Format Version 12.00
# Visual Studio Version 17
VisualStudioVersion = 17.1.32228.430
MinimumVisualStudioVersion = 10.0.40219.1
Project("{9A19103F-16F7-4668-BE54-9A1E7A4F7556}") = "TennisPlanner.Core", "TennisPlanner.Core\TennisPlanner.Core.csproj", "{9AA1842B-0485-496D-B33B-4DAB740321E5}"
EndProject
Project("{9A19103F-16F7-4668-BE54-9A1E7A4F7556}") = "TennisPlanner.Server", "TennisPlanner.Server\TennisPlanner.Server.csproj", "{3A558968-41D1-4985-BA23-C633F1DD7459}"
EndProject
Project("{9A19103F-16F7-4668-BE54-9A1E7A4F7556}") = "TennisPlanner.Shared", "TennisPlanner.Shared\TennisPlanner.Shared.csproj", "{0FAA5868-694D-4FF4-9CDE-736A27B5C39E}"
EndProject
Global
	GlobalSection(SolutionConfigurationPlatforms) = preSolution
		Debug|Any CPU = Debug|Any CPU
		Release|Any CPU = Release|Any CPU
	EndGlobalSection
	GlobalSection(ProjectConfigurationPlatforms) = postSolution
		{9AA1842B-0485-496D-B33B-4DAB740321E5}.Debug|Any CPU.ActiveCfg = Debug|Any CPU
		{9AA1842B-0485-496D-B33B-4DAB740321E5}.Debug|Any CPU.Build.0 = Debug|Any CPU
		{9AA1842B-0485-496D-B33B-4DAB740321E5}.Release|Any CPU.ActiveCfg = Release|Any CPU
		{9AA1842B-0485-496D-B33B-4DAB740321E5}.Release|Any CPU.Build.0 = Release|Any CPU
		{3A558968-41D1-4985-BA23-C633F1DD7459}.Debug|Any CPU.ActiveCfg = Debug|Any CPU
		{3A558968-41D1-4985-BA23-C633F1DD7459}.Debug|Any CPU.Build.0 = Debug|Any CPU
		{3A558968-41D1-4985-BA23-C633F1DD7459}.Release|Any CPU.ActiveCfg = Release|Any CPU
		{3A558968-41D1-4985-BA23-C633F1DD7459}.Release|Any CPU.Build.0 = Release|Any CPU
		{0FAA5868-694D-4FF4-9CDE-736A27B5C39E}.Debug|Any CPU.ActiveCfg = Debug|Any CPU
		{0FAA5868-694D-4FF4-9CDE-736A27B5C39E}.Debug|Any CPU.Build.0 = Debug|Any CPU
		{0FAA5868-694D-4FF4-9CDE-736A27B5C39E}.Release|Any CPU.ActiveCfg = Release|Any CPU
		{0FAA5868-694D-4FF4-9CDE-736A27B5C39E}.Release|Any CPU.Build.0 = Release|Any CPU
	EndGlobalSection
	GlobalSection(SolutionProperties) = preSolution
		HideSolutionNode = FALSE
	EndGlobalSection
	GlobalSection(ExtensibilityGlobals) = postSolution
		SolutionGuid = {E3899DF3-8E1A-406D-9EF1-A0F380A9F7AA}
	EndGlobalSection
EndGlobal
